
Microsoft Visual Studio Solution File, Format Version 12.00
# Visual Studio Version 16
VisualStudioVersion = 16.0.30804.86
MinimumVisualStudioVersion = 10.0.40219.1
Project("{9A19103F-16F7-4668-BE54-9A1E7A4F7556}") = "SortingService.API", "SortingService.API\SortingService.API.csproj", "{0A46A3C8-2CB3-4AC9-BBB9-C547DA6BA675}"
EndProject
Project("{FAE04EC0-301F-11D3-BF4B-00C04F79EFBC}") = "SortingService.Tests", "SortingService.Tests\SortingService.Tests.csproj", "{E5B144DD-8DDA-4E91-A77C-2091393F04D5}"
EndProject
Global
	GlobalSection(SolutionConfigurationPlatforms) = preSolution
		Debug|Any CPU = Debug|Any CPU
		Release|Any CPU = Release|Any CPU
	EndGlobalSection
	GlobalSection(ProjectConfigurationPlatforms) = postSolution
		{0A46A3C8-2CB3-4AC9-BBB9-C547DA6BA675}.Debug|Any CPU.ActiveCfg = Debug|Any CPU
		{0A46A3C8-2CB3-4AC9-BBB9-C547DA6BA675}.Debug|Any CPU.Build.0 = Debug|Any CPU
		{0A46A3C8-2CB3-4AC9-BBB9-C547DA6BA675}.Release|Any CPU.ActiveCfg = Release|Any CPU
		{0A46A3C8-2CB3-4AC9-BBB9-C547DA6BA675}.Release|Any CPU.Build.0 = Release|Any CPU
		{E5B144DD-8DDA-4E91-A77C-2091393F04D5}.Debug|Any CPU.ActiveCfg = Debug|Any CPU
		{E5B144DD-8DDA-4E91-A77C-2091393F04D5}.Debug|Any CPU.Build.0 = Debug|Any CPU
		{E5B144DD-8DDA-4E91-A77C-2091393F04D5}.Release|Any CPU.ActiveCfg = Release|Any CPU
		{E5B144DD-8DDA-4E91-A77C-2091393F04D5}.Release|Any CPU.Build.0 = Release|Any CPU
	EndGlobalSection
	GlobalSection(SolutionProperties) = preSolution
		HideSolutionNode = FALSE
	EndGlobalSection
	GlobalSection(ExtensibilityGlobals) = postSolution
		SolutionGuid = {C3F0160B-1A31-4EB9-A03E-32696B970C83}
	EndGlobalSection
EndGlobal
